{
  "name": "Take-a-Ten-Minute-Walk",
  "version": "0.0.0",
  "lockfileVersion": 3,
  "requires": true,
  "packages": {
    "": {
      "name": "Take-a-Ten-Minute-Walk",
      "version": "0.0.0",
      "dependencies": {
        "Take-a-Ten-Minute-Walk": "file:"
      }
    },
    "node_modules/Take-a-Ten-Minute-Walk": {
      "resolved": "",
      "link": true
    }
  }
}
